
Microsoft Visual Studio Solution File, Format Version 12.00
# Visual Studio 2013
VisualStudioVersion = 12.0.30723.0
MinimumVisualStudioVersion = 10.0.40219.1
Project("{FAE04EC0-301F-11D3-BF4B-00C04F79EFBC}") = "MediaPortalTVPlugin", "MediaPortalTVPlugin\MediaPortalTVPlugin.csproj", "{30B2A395-5E43-454F-8093-DAF307D6D4FB}"
EndProject
Project("{2150E333-8FDC-42A3-9474-1A3956D46DE8}") = ".nuget", ".nuget", "{B94DEBB5-D3A4-4FE5-82C2-2A18AEDA2B2E}"
	ProjectSection(SolutionItems) = preProject
		.nuget\NuGet.Config = .nuget\NuGet.Config
		.nuget\NuGet.exe = .nuget\NuGet.exe
		.nuget\NuGet.targets = .nuget\NuGet.targets
	EndProjectSection
EndProject
Project("{2150E333-8FDC-42A3-9474-1A3956D46DE8}") = "Solution Items", "Solution Items", "{4AB23214-2730-4284-94E6-6F81726F3269}"
	ProjectSection(SolutionItems) = preProject
		Outstanding.txt = Outstanding.txt
	EndProjectSection
EndProject
Global
	GlobalSection(SolutionConfigurationPlatforms) = preSolution
		Debug|Any CPU = Debug|Any CPU
		Release|Any CPU = Release|Any CPU
	EndGlobalSection
	GlobalSection(ProjectConfigurationPlatforms) = postSolution
		{30B2A395-5E43-454F-8093-DAF307D6D4FB}.Debug|Any CPU.ActiveCfg = Debug|Any CPU
		{30B2A395-5E43-454F-8093-DAF307D6D4FB}.Debug|Any CPU.Build.0 = Debug|Any CPU
		{30B2A395-5E43-454F-8093-DAF307D6D4FB}.Release|Any CPU.ActiveCfg = Release|Any CPU
		{30B2A395-5E43-454F-8093-DAF307D6D4FB}.Release|Any CPU.Build.0 = Release|Any CPU
	EndGlobalSection
	GlobalSection(SolutionProperties) = preSolution
		HideSolutionNode = FALSE
	EndGlobalSection
EndGlobal
